
Microsoft Visual Studio Solution File, Format Version 12.00
# Visual Studio 15
VisualStudioVersion = 15.0.28307.421
MinimumVisualStudioVersion = 10.0.40219.1
Project("{FAE04EC0-301F-11D3-BF4B-00C04F79EFBC}") = "TriDePhoto", "TriDePhoto\TriDePhoto.csproj", "{62A289A9-1D5D-4553-9E59-70039E467EF5}"
EndProject
Global
	GlobalSection(SolutionConfigurationPlatforms) = preSolution
		Debug|Any CPU = Debug|Any CPU
		Release|Any CPU = Release|Any CPU
	EndGlobalSection
	GlobalSection(ProjectConfigurationPlatforms) = postSolution
		{62A289A9-1D5D-4553-9E59-70039E467EF5}.Debug|Any CPU.ActiveCfg = Debug|Any CPU
		{62A289A9-1D5D-4553-9E59-70039E467EF5}.Debug|Any CPU.Build.0 = Debug|Any CPU
		{62A289A9-1D5D-4553-9E59-70039E467EF5}.Release|Any CPU.ActiveCfg = Release|Any CPU
		{62A289A9-1D5D-4553-9E59-70039E467EF5}.Release|Any CPU.Build.0 = Release|Any CPU
	EndGlobalSection
	GlobalSection(SolutionProperties) = preSolution
		HideSolutionNode = FALSE
	EndGlobalSection
	GlobalSection(ExtensibilityGlobals) = postSolution
		SolutionGuid = {B88BF72E-3214-41F5-901C-A4855B161CF0}
	EndGlobalSection
EndGlobal
